
Microsoft Visual Studio Solution File, Format Version 12.00
# Visual Studio 15
VisualStudioVersion = 15.0.28307.572
MinimumVisualStudioVersion = 10.0.40219.1
Project("{FAE04EC0-301F-11D3-BF4B-00C04F79EFBC}") = "BaseConverter", "BaseConverter\BaseConverter.csproj", "{211EB551-5244-4AFA-AED9-E4DDB990D78E}"
EndProject
Project("{FAE04EC0-301F-11D3-BF4B-00C04F79EFBC}") = "structSample", "structSample\structSample.csproj", "{8D8C5969-AB49-4798-860C-3F348ECCC0CA}"
EndProject
Project("{FAE04EC0-301F-11D3-BF4B-00C04F79EFBC}") = "LearningOOP", "LearningOOP\LearningOOP.csproj", "{C5BF0ED6-66E1-4FF2-BA08-678F923F1144}"
EndProject
Project("{FAE04EC0-301F-11D3-BF4B-00C04F79EFBC}") = "QuizApp", "QuizApp\QuizApp.csproj", "{58C54CD8-778B-4308-A4A3-D5C24DDAD07F}"
EndProject
Project("{FAE04EC0-301F-11D3-BF4B-00C04F79EFBC}") = "NumberToString", "NumberToString\NumberToString.csproj", "{B0E58658-11BA-4E72-A885-05310FAC5A5E}"
EndProject
Project("{FAE04EC0-301F-11D3-BF4B-00C04F79EFBC}") = "CalculatorApp", "CalculatorApp\CalculatorApp.csproj", "{12FFA401-B2D9-4C1B-9B7D-2790DF89FD37}"
EndProject
Project("{FAE04EC0-301F-11D3-BF4B-00C04F79EFBC}") = "DaysToChristmas", "DaysToChristmas\DaysToChristmas.csproj", "{77AFC9FC-CB53-4C11-AA4B-0F073BA931D8}"
EndProject
Project("{FAE04EC0-301F-11D3-BF4B-00C04F79EFBC}") = "NumberParity", "NumberParity\NumberParity.csproj", "{9FFD1F34-9D0B-40FA-AC1E-91BA4B835C77}"
EndProject
Project("{FAE04EC0-301F-11D3-BF4B-00C04F79EFBC}") = "GradingApp", "GradingApp\GradingApp.csproj", "{FEC27DA6-BA8B-4550-BA6E-6FE8FFE4A34E}"
EndProject
Project("{FAE04EC0-301F-11D3-BF4B-00C04F79EFBC}") = "ProductCostingApp", "ProductCostingApp\ProductCostingApp.csproj", "{893DED51-8A32-4750-B17B-5624F1302FBA}"
EndProject
Project("{FAE04EC0-301F-11D3-BF4B-00C04F79EFBC}") = "ItemCostPlatform.Core", "ItemCostPlatform.Core\ItemCostPlatform.Core.csproj", "{FE344531-F3D8-4359-AEC1-F282E9C610E0}"
EndProject
Project("{FAE04EC0-301F-11D3-BF4B-00C04F79EFBC}") = "crm.core", "crm.core\crm.core.csproj", "{F7D6A83D-786F-41D3-92D3-AAEDC060FD8E}"
EndProject
Project("{FAE04EC0-301F-11D3-BF4B-00C04F79EFBC}") = "JohnWhiteUtilityFunctions", "JohnWhiteUtilityFunctions\JohnWhiteUtilityFunctions.csproj", "{BA981634-1BDE-4187-9DC1-8FDA06346DDA}"
EndProject
Project("{FAE04EC0-301F-11D3-BF4B-00C04F79EFBC}") = "UtilityFunctionsTesting", "UtilityFunctionsTesting\UtilityFunctionsTesting.csproj", "{B56E5C36-DED5-42BD-8901-5EEA95B07CBA}"
EndProject
Project("{FAE04EC0-301F-11D3-BF4B-00C04F79EFBC}") = "StateDirectory", "StateDirectory\StateDirectory.csproj", "{34A07553-E408-45DE-AA19-2643A033837E}"
EndProject
Global
	GlobalSection(SolutionConfigurationPlatforms) = preSolution
		Debug|Any CPU = Debug|Any CPU
		Release|Any CPU = Release|Any CPU
	EndGlobalSection
	GlobalSection(ProjectConfigurationPlatforms) = postSolution
		{211EB551-5244-4AFA-AED9-E4DDB990D78E}.Debug|Any CPU.ActiveCfg = Debug|Any CPU
		{211EB551-5244-4AFA-AED9-E4DDB990D78E}.Debug|Any CPU.Build.0 = Debug|Any CPU
		{211EB551-5244-4AFA-AED9-E4DDB990D78E}.Release|Any CPU.ActiveCfg = Release|Any CPU
		{211EB551-5244-4AFA-AED9-E4DDB990D78E}.Release|Any CPU.Build.0 = Release|Any CPU
		{8D8C5969-AB49-4798-860C-3F348ECCC0CA}.Debug|Any CPU.ActiveCfg = Debug|Any CPU
		{8D8C5969-AB49-4798-860C-3F348ECCC0CA}.Debug|Any CPU.Build.0 = Debug|Any CPU
		{8D8C5969-AB49-4798-860C-3F348ECCC0CA}.Release|Any CPU.ActiveCfg = Release|Any CPU
		{8D8C5969-AB49-4798-860C-3F348ECCC0CA}.Release|Any CPU.Build.0 = Release|Any CPU
		{C5BF0ED6-66E1-4FF2-BA08-678F923F1144}.Debug|Any CPU.ActiveCfg = Debug|Any CPU
		{C5BF0ED6-66E1-4FF2-BA08-678F923F1144}.Debug|Any CPU.Build.0 = Debug|Any CPU
		{C5BF0ED6-66E1-4FF2-BA08-678F923F1144}.Release|Any CPU.ActiveCfg = Release|Any CPU
		{C5BF0ED6-66E1-4FF2-BA08-678F923F1144}.Release|Any CPU.Build.0 = Release|Any CPU
		{58C54CD8-778B-4308-A4A3-D5C24DDAD07F}.Debug|Any CPU.ActiveCfg = Debug|Any CPU
		{58C54CD8-778B-4308-A4A3-D5C24DDAD07F}.Debug|Any CPU.Build.0 = Debug|Any CPU
		{58C54CD8-778B-4308-A4A3-D5C24DDAD07F}.Release|Any CPU.ActiveCfg = Release|Any CPU
		{58C54CD8-778B-4308-A4A3-D5C24DDAD07F}.Release|Any CPU.Build.0 = Release|Any CPU
		{B0E58658-11BA-4E72-A885-05310FAC5A5E}.Debug|Any CPU.ActiveCfg = Debug|Any CPU
		{B0E58658-11BA-4E72-A885-05310FAC5A5E}.Debug|Any CPU.Build.0 = Debug|Any CPU
		{B0E58658-11BA-4E72-A885-05310FAC5A5E}.Release|Any CPU.ActiveCfg = Release|Any CPU
		{B0E58658-11BA-4E72-A885-05310FAC5A5E}.Release|Any CPU.Build.0 = Release|Any CPU
		{12FFA401-B2D9-4C1B-9B7D-2790DF89FD37}.Debug|Any CPU.ActiveCfg = Debug|Any CPU
		{12FFA401-B2D9-4C1B-9B7D-2790DF89FD37}.Debug|Any CPU.Build.0 = Debug|Any CPU
		{12FFA401-B2D9-4C1B-9B7D-2790DF89FD37}.Release|Any CPU.ActiveCfg = Release|Any CPU
		{12FFA401-B2D9-4C1B-9B7D-2790DF89FD37}.Release|Any CPU.Build.0 = Release|Any CPU
		{77AFC9FC-CB53-4C11-AA4B-0F073BA931D8}.Debug|Any CPU.ActiveCfg = Debug|Any CPU
		{77AFC9FC-CB53-4C11-AA4B-0F073BA931D8}.Debug|Any CPU.Build.0 = Debug|Any CPU
		{77AFC9FC-CB53-4C11-AA4B-0F073BA931D8}.Release|Any CPU.ActiveCfg = Release|Any CPU
		{77AFC9FC-CB53-4C11-AA4B-0F073BA931D8}.Release|Any CPU.Build.0 = Release|Any CPU
		{9FFD1F34-9D0B-40FA-AC1E-91BA4B835C77}.Debug|Any CPU.ActiveCfg = Debug|Any CPU
		{9FFD1F34-9D0B-40FA-AC1E-91BA4B835C77}.Debug|Any CPU.Build.0 = Debug|Any CPU
		{9FFD1F34-9D0B-40FA-AC1E-91BA4B835C77}.Release|Any CPU.ActiveCfg = Release|Any CPU
		{9FFD1F34-9D0B-40FA-AC1E-91BA4B835C77}.Release|Any CPU.Build.0 = Release|Any CPU
		{FEC27DA6-BA8B-4550-BA6E-6FE8FFE4A34E}.Debug|Any CPU.ActiveCfg = Debug|Any CPU
		{FEC27DA6-BA8B-4550-BA6E-6FE8FFE4A34E}.Debug|Any CPU.Build.0 = Debug|Any CPU
		{FEC27DA6-BA8B-4550-BA6E-6FE8FFE4A34E}.Release|Any CPU.ActiveCfg = Release|Any CPU
		{FEC27DA6-BA8B-4550-BA6E-6FE8FFE4A34E}.Release|Any CPU.Build.0 = Release|Any CPU
		{893DED51-8A32-4750-B17B-5624F1302FBA}.Debug|Any CPU.ActiveCfg = Debug|Any CPU
		{893DED51-8A32-4750-B17B-5624F1302FBA}.Debug|Any CPU.Build.0 = Debug|Any CPU
		{893DED51-8A32-4750-B17B-5624F1302FBA}.Release|Any CPU.ActiveCfg = Release|Any CPU
		{893DED51-8A32-4750-B17B-5624F1302FBA}.Release|Any CPU.Build.0 = Release|Any CPU
		{FE344531-F3D8-4359-AEC1-F282E9C610E0}.Debug|Any CPU.ActiveCfg = Debug|Any CPU
		{FE344531-F3D8-4359-AEC1-F282E9C610E0}.Debug|Any CPU.Build.0 = Debug|Any CPU
		{FE344531-F3D8-4359-AEC1-F282E9C610E0}.Release|Any CPU.ActiveCfg = Release|Any CPU
		{FE344531-F3D8-4359-AEC1-F282E9C610E0}.Release|Any CPU.Build.0 = Release|Any CPU
		{F7D6A83D-786F-41D3-92D3-AAEDC060FD8E}.Debug|Any CPU.ActiveCfg = Debug|Any CPU
		{F7D6A83D-786F-41D3-92D3-AAEDC060FD8E}.Debug|Any CPU.Build.0 = Debug|Any CPU
		{F7D6A83D-786F-41D3-92D3-AAEDC060FD8E}.Release|Any CPU.ActiveCfg = Release|Any CPU
		{F7D6A83D-786F-41D3-92D3-AAEDC060FD8E}.Release|Any CPU.Build.0 = Release|Any CPU
		{BA981634-1BDE-4187-9DC1-8FDA06346DDA}.Debug|Any CPU.ActiveCfg = Debug|Any CPU
		{BA981634-1BDE-4187-9DC1-8FDA06346DDA}.Debug|Any CPU.Build.0 = Debug|Any CPU
		{BA981634-1BDE-4187-9DC1-8FDA06346DDA}.Release|Any CPU.ActiveCfg = Release|Any CPU
		{BA981634-1BDE-4187-9DC1-8FDA06346DDA}.Release|Any CPU.Build.0 = Release|Any CPU
		{B56E5C36-DED5-42BD-8901-5EEA95B07CBA}.Debug|Any CPU.ActiveCfg = Debug|Any CPU
		{B56E5C36-DED5-42BD-8901-5EEA95B07CBA}.Debug|Any CPU.Build.0 = Debug|Any CPU
		{B56E5C36-DED5-42BD-8901-5EEA95B07CBA}.Release|Any CPU.ActiveCfg = Release|Any CPU
		{B56E5C36-DED5-42BD-8901-5EEA95B07CBA}.Release|Any CPU.Build.0 = Release|Any CPU
		{34A07553-E408-45DE-AA19-2643A033837E}.Debug|Any CPU.ActiveCfg = Debug|Any CPU
		{34A07553-E408-45DE-AA19-2643A033837E}.Debug|Any CPU.Build.0 = Debug|Any CPU
		{34A07553-E408-45DE-AA19-2643A033837E}.Release|Any CPU.ActiveCfg = Release|Any CPU
		{34A07553-E408-45DE-AA19-2643A033837E}.Release|Any CPU.Build.0 = Release|Any CPU
	EndGlobalSection
	GlobalSection(SolutionProperties) = preSolution
		HideSolutionNode = FALSE
	EndGlobalSection
	GlobalSection(ExtensibilityGlobals) = postSolution
		SolutionGuid = {BA10C5AA-9609-42D8-BAD0-9B1217C0BD4A}
	EndGlobalSection
EndGlobal
